// !$*UTF8*$!
{
	archiveVersion = 1;
	classes = {
	};
	objectVersion = 46;
	objects = {

/* Begin PBXBuildFile section */
		4B402C091CDC25960047DD6B /* AppDelegate.swift in Sources */ = {isa = PBXBuildFile; fileRef = 4B402C081CDC25960047DD6B /* AppDelegate.swift */; };
		4B402C0B1CDC25960047DD6B /* ViewController.swift in Sources */ = {isa = PBXBuildFile; fileRef = 4B402C0A1CDC25960047DD6B /* ViewController.swift */; };
		4B402C0E1CDC25960047DD6B /* Main.storyboard in Resources */ = {isa = PBXBuildFile; fileRef = 4B402C0C1CDC25960047DD6B /* Main.storyboard */; };
		4B402C101CDC25960047DD6B /* Assets.xcassets in Resources */ = {isa = PBXBuildFile; fileRef = 4B402C0F1CDC25960047DD6B /* Assets.xcassets */; };
		4B402C131CDC25960047DD6B /* LaunchScreen.storyboard in Resources */ = {isa = PBXBuildFile; fileRef = 4B402C111CDC25960047DD6B /* LaunchScreen.storyboard */; };
		4B402C1E1CDC25960047DD6B /* SwiftTDDTestTests.swift in Sources */ = {isa = PBXBuildFile; fileRef = 4B402C1D1CDC25960047DD6B /* SwiftTDDTestTests.swift */; };
		4B402C291CDC25960047DD6B /* SwiftTDDTestUITests.swift in Sources */ = {isa = PBXBuildFile; fileRef = 4B402C281CDC25960047DD6B /* SwiftTDDTestUITests.swift */; };
/* End PBXBuildFile section */

/* Begin PBXContainerItemProxy section */
		4B402C1A1CDC25960047DD6B /* PBXContainerItemProxy */ = {
			isa = PBXContainerItemProxy;
			containerPortal = 4B402BFD1CDC25960047DD6B /* Project object */;
			proxyType = 1;
			remoteGlobalIDString = 4B402C041CDC25960047DD6B;
			remoteInfo = SwiftTDDTest;
		};
		4B402C251CDC25960047DD6B /* PBXContainerItemProxy */ = {
			isa = PBXContainerItemProxy;
			containerPortal = 4B402BFD1CDC25960047DD6B /* Project object */;
			proxyType = 1;
			remoteGlobalIDString = 4B402C041CDC25960047DD6B;
			remoteInfo = SwiftTDDTest;
		};
/* End PBXContainerItemProxy section */

/* Begin PBXFileReference section */
		4B402C051CDC25960047DD6B /* SwiftTDDTest.app */ = {isa = PBXFileReference; explicitFileType = wrapper.application; includeInIndex = 0; path = SwiftTDDTest.app; sourceTree = BUILT_PRODUCTS_DIR; };
		4B402C081CDC25960047DD6B /* AppDelegate.swift */ = {isa = PBXFileReference; lastKnownFileType = sourcecode.swift; path = AppDelegate.swift; sourceTree = "<group>"; };
		4B402C0A1CDC25960047DD6B /* ViewController.swift */ = {isa = PBXFileReference; lastKnownFileType = sourcecode.swift; path = ViewController.swift; sourceTree = "<group>"; };
		4B402C0D1CDC25960047DD6B /* Base */ = {isa = PBXFileReference; lastKnownFileType = file.storyboard; name = Base; path = Base.lproj/Main.storyboard; sourceTree = "<group>"; };
		4B402C0F1CDC25960047DD6B /* Assets.xcassets */ = {isa = PBXFileReference; lastKnownFileType = folder.assetcatalog; path = Assets.xcassets; sourceTree = "<group>"; };
		4B402C121CDC25960047DD6B /* Base */ = {isa = PBXFileReference; lastKnownFileType = file.storyboard; name = Base; path = Base.lproj/LaunchScreen.storyboard; sourceTree = "<group>"; };
		4B402C141CDC25960047DD6B /* Info.plist */ = {isa = PBXFileReference; lastKnownFileType = text.plist.xml; path = Info.plist; sourceTree = "<group>"; };
		4B402C191CDC25960047DD6B /* SwiftTDDTestTests.xctest */ = {isa = PBXFileReference; explicitFileType = wrapper.cfbundle; includeInIndex = 0; path = SwiftTDDTestTests.xctest; sourceTree = BUILT_PRODUCTS_DIR; };
		4B402C1D1CDC25960047DD6B /* SwiftTDDTestTests.swift */ = {isa = PBXFileReference; lastKnownFileType = sourcecode.swift; path = SwiftTDDTestTests.swift; sourceTree = "<group>"; };
		4B402C1F1CDC25960047DD6B /* Info.plist */ = {isa = PBXFileReference; lastKnownFileType = text.plist.xml; path = Info.plist; sourceTree = "<group>"; };
		4B402C241CDC25960047DD6B /* SwiftTDDTestUITests.xctest */ = {isa = PBXFileReference; explicitFileType = wrapper.cfbundle; includeInIndex = 0; path = SwiftTDDTestUITests.xctest; sourceTree = BUILT_PRODUCTS_DIR; };
		4B402C281CDC25960047DD6B /* SwiftTDDTestUITests.swift */ = {isa = PBXFileReference; lastKnownFileType = sourcecode.swift; path = SwiftTDDTestUITests.swift; sourceTree = "<group>"; };
		4B402C2A1CDC25960047DD6B /* Info.plist */ = {isa = PBXFileReference; lastKnownFileType = text.plist.xml; path = Info.plist; sourceTree = "<group>"; };
/* End PBXFileReference section */

/* Begin PBXFrameworksBuildPhase section */
		4B402C021CDC25960047DD6B /* Frameworks */ = {
			isa = PBXFrameworksBuildPhase;
			buildActionMask = 2147483647;
			files = (
			);
			runOnlyForDeploymentPostprocessing = 0;
		};
		4B402C161CDC25960047DD6B /* Frameworks */ = {
			isa = PBXFrameworksBuildPhase;
			buildActionMask = 2147483647;
			files = (
			);
			runOnlyForDeploymentPostprocessing = 0;
		};
		4B402C211CDC25960047DD6B /* Frameworks */ = {
			isa = PBXFrameworksBuildPhase;
			buildActionMask = 2147483647;
			files = (
			);
			runOnlyForDeploymentPostprocessing = 0;
		};
/* End PBXFrameworksBuildPhase section */

/* Begin PBXGroup section */
		4B402BFC1CDC25960047DD6B = {
			isa = PBXGroup;
			children = (
				4B402C071CDC25960047DD6B /* SwiftTDDTest */,
				4B402C1C1CDC25960047DD6B /* SwiftTDDTestTests */,
				4B402C271CDC25960047DD6B /* SwiftTDDTestUITests */,
				4B402C061CDC25960047DD6B /* Products */,
			);
			sourceTree = "<group>";
		};
		4B402C061CDC25960047DD6B /* Products */ = {
			isa = PBXGroup;
			children = (
				4B402C051CDC25960047DD6B /* SwiftTDDTest.app */,
				4B402C191CDC25960047DD6B /* SwiftTDDTestTests.xctest */,
				4B402C241CDC25960047DD6B /* SwiftTDDTestUITests.xctest */,
			);
			name = Products;
			sourceTree = "<group>";
		};
		4B402C071CDC25960047DD6B /* SwiftTDDTest */ = {
			isa = PBXGroup;
			children = (
				4B402C081CDC25960047DD6B /* AppDelegate.swift */,
				4B402C0A1CDC25960047DD6B /* ViewController.swift */,
				4B402C0C1CDC25960047DD6B /* Main.storyboard */,
				4B402C0F1CDC25960047DD6B /* Assets.xcassets */,
				4B402C111CDC25960047DD6B /* LaunchScreen.storyboard */,
				4B402C141CDC25960047DD6B /* Info.plist */,
			);
			path = SwiftTDDTest;
			sourceTree = "<group>";
		};
		4B402C1C1CDC25960047DD6B /* SwiftTDDTestTests */ = {
			isa = PBXGroup;
			children = (
				4B402C1D1CDC25960047DD6B /* SwiftTDDTestTests.swift */,
				4B402C1F1CDC25960047DD6B /* Info.plist */,
			);
			path = SwiftTDDTestTests;
			sourceTree = "<group>";
		};
		4B402C271CDC25960047DD6B /* SwiftTDDTestUITests */ = {
			isa = PBXGroup;
			children = (
				4B402C281CDC25960047DD6B /* SwiftTDDTestUITests.swift */,
				4B402C2A1CDC25960047DD6B /* Info.plist */,
			);
			path = SwiftTDDTestUITests;
			sourceTree = "<group>";
		};
/* End PBXGroup section */

/* Begin PBXNativeTarget section */
		4B402C041CDC25960047DD6B /* SwiftTDDTest */ = {
			isa = PBXNativeTarget;
			buildConfigurationList = 4B402C2D1CDC25960047DD6B /* Build configuration list for PBXNativeTarget "SwiftTDDTest" */;
			buildPhases = (
				4B402C011CDC25960047DD6B /* Sources */,
				4B402C021CDC25960047DD6B /* Frameworks */,
				4B402C031CDC25960047DD6B /* Resources */,
			);
			buildRules = (
			);
			dependencies = (
			);
			name = SwiftTDDTest;
			productName = SwiftTDDTest;
			productReference = 4B402C051CDC25960047DD6B /* SwiftTDDTest.app */;
			productType = "com.apple.product-type.application";
		};
		4B402C181CDC25960047DD6B /* SwiftTDDTestTests */ = {
			isa = PBXNativeTarget;
			buildConfigurationList = 4B402C301CDC25960047DD6B /* Build configuration list for PBXNativeTarget "SwiftTDDTestTests" */;
			buildPhases = (
				4B402C151CDC25960047DD6B /* Sources */,
				4B402C161CDC25960047DD6B /* Frameworks */,
				4B402C171CDC25960047DD6B /* Resources */,
			);
			buildRules = (
			);
			dependencies = (
				4B402C1B1CDC25960047DD6B /* PBXTargetDependency */,
			);
			name = SwiftTDDTestTests;
			productName = SwiftTDDTestTests;
			productReference = 4B402C191CDC25960047DD6B /* SwiftTDDTestTests.xctest */;
			productType = "com.apple.product-type.bundle.unit-test";
		};
		4B402C231CDC25960047DD6B /* SwiftTDDTestUITests */ = {
			isa = PBXNativeTarget;
			buildConfigurationList = 4B402C331CDC25960047DD6B /* Build configuration list for PBXNativeTarget "SwiftTDDTestUITests" */;
			buildPhases = (
				4B402C201CDC25960047DD6B /* Sources */,
				4B402C211CDC25960047DD6B /* Frameworks */,
				4B402C221CDC25960047DD6B /* Resources */,
			);
			buildRules = (
			);
			dependencies = (
				4B402C261CDC25960047DD6B /* PBXTargetDependency */,
			);
			name = SwiftTDDTestUITests;
			productName = SwiftTDDTestUITests;
			productReference = 4B402C241CDC25960047DD6B /* SwiftTDDTestUITests.xctest */;
			productType = "com.apple.product-type.bundle.ui-testing";
		};
/* End PBXNativeTarget section */

/* Begin PBXProject section */
		4B402BFD1CDC25960047DD6B /* Project object */ = {
			isa = PBXProject;
			attributes = {
				LastSwiftUpdateCheck = 0730;
				LastUpgradeCheck = 0730;
				ORGANIZATIONNAME = sherry;
				TargetAttributes = {
					4B402C041CDC25960047DD6B = {
						CreatedOnToolsVersion = 7.3;
					};
					4B402C181CDC25960047DD6B = {
						CreatedOnToolsVersion = 7.3;
						TestTargetID = 4B402C041CDC25960047DD6B;
					};
					4B402C231CDC25960047DD6B = {
						CreatedOnToolsVersion = 7.3;
						TestTargetID = 4B402C041CDC25960047DD6B;
					};
				};
			};
			buildConfigurationList = 4B402C001CDC25960047DD6B /* Build configuration list for PBXProject "SwiftTDDTest" */;
			compatibilityVersion = "Xcode 3.2";
			developmentRegion = English;
			hasScannedForEncodings = 0;
			knownRegions = (
				en,
				Base,
			);
			mainGroup = 4B402BFC1CDC25960047DD6B;
			productRefGroup = 4B402C061CDC25960047DD6B /* Products */;
			projectDirPath = "";
			projectRoot = "";
			targets = (
				4B402C041CDC25960047DD6B /* SwiftTDDTest */,
				4B402C181CDC25960047DD6B /* SwiftTDDTestTests */,
				4B402C231CDC25960047DD6B /* SwiftTDDTestUITests */,
			);
		};
/* End PBXProject section */

/* Begin PBXResourcesBuildPhase section */
		4B402C031CDC25960047DD6B /* Resources */ = {
			isa = PBXResourcesBuildPhase;
			buildActionMask = 2147483647;
			files = (
				4B402C131CDC25960047DD6B /* LaunchScreen.storyboard in Resources */,
				4B402C101CDC25960047DD6B /* Assets.xcassets in Resources */,
				4B402C0E1CDC25960047DD6B /* Main.storyboard in Resources */,
			);
			runOnlyForDeploymentPostprocessing = 0;
		};
		4B402C171CDC25960047DD6B /* Resources */ = {
			isa = PBXResourcesBuildPhase;
			buildActionMask = 2147483647;
			files = (
			);
			runOnlyForDeploymentPostprocessing = 0;
		};
		4B402C221CDC25960047DD6B /* Resources */ = {
			isa = PBXResourcesBuildPhase;
			buildActionMask = 2147483647;
			files = (
			);
			runOnlyForDeploymentPostprocessing = 0;
		};
/* End PBXResourcesBuildPhase section */

/* Begin PBXSourcesBuildPhase section */
		4B402C011CDC25960047DD6B /* Sources */ = {
			isa = PBXSourcesBuildPhase;
			buildActionMask = 2147483647;
			files = (
				4B402C0B1CDC25960047DD6B /* ViewController.swift in Sources */,
				4B402C091CDC25960047DD6B /* AppDelegate.swift in Sources */,
			);
			runOnlyForDeploymentPostprocessing = 0;
		};
		4B402C151CDC25960047DD6B /* Sources */ = {
			isa = PBXSourcesBuildPhase;
			buildActionMask = 2147483647;
			files = (
				4B402C1E1CDC25960047DD6B /* SwiftTDDTestTests.swift in Sources */,
			);
			runOnlyForDeploymentPostprocessing = 0;
		};
		4B402C201CDC25960047DD6B /* Sources */ = {
			isa = PBXSourcesBuildPhase;
			buildActionMask = 2147483647;
			files = (
				4B402C291CDC25960047DD6B /* SwiftTDDTestUITests.swift in Sources */,
			);
			runOnlyForDeploymentPostprocessing = 0;
		};
/* End PBXSourcesBuildPhase section */

/* Begin PBXTargetDependency section */
		4B402C1B1CDC25960047DD6B /* PBXTargetDependency */ = {
			isa = PBXTargetDependency;
			target = 4B402C041CDC25960047DD6B /* SwiftTDDTest */;
			targetProxy = 4B402C1A1CDC25960047DD6B /* PBXContainerItemProxy */;
		};
		4B402C261CDC25960047DD6B /* PBXTargetDependency */ = {
			isa = PBXTargetDependency;
			target = 4B402C041CDC25960047DD6B /* SwiftTDDTest */;
			targetProxy = 4B402C251CDC25960047DD6B /* PBXContainerItemProxy */;
		};
/* End PBXTargetDependency section */

/* Begin PBXVariantGroup section */
		4B402C0C1CDC25960047DD6B /* Main.storyboard */ = {
			isa = PBXVariantGroup;
			children = (
				4B402C0D1CDC25960047DD6B /* Base */,
			);
			name = Main.storyboard;
			sourceTree = "<group>";
		};
		4B402C111CDC25960047DD6B /* LaunchScreen.storyboard */ = {
			isa = PBXVariantGroup;
			children = (
				4B402C121CDC25960047DD6B /* Base */,
			);
			name = LaunchScreen.storyboard;
			sourceTree = "<group>";
		};
/* End PBXVariantGroup section */

/* Begin XCBuildConfiguration section */
		4B402C2B1CDC25960047DD6B /* Debug */ = {
			isa = XCBuildConfiguration;
			buildSettings = {
				ALWAYS_SEARCH_USER_PATHS = NO;
				CLANG_ANALYZER_NONNULL = YES;
				CLANG_CXX_LANGUAGE_STANDARD = "gnu++0x";
				CLANG_CXX_LIBRARY = "libc++";
				CLANG_ENABLE_MODULES = YES;
				CLANG_ENABLE_OBJC_ARC = YES;
				CLANG_WARN_BOOL_CONVERSION = YES;
				CLANG_WARN_CONSTANT_CONVERSION = YES;
				CLANG_WARN_DIRECT_OBJC_ISA_USAGE = YES_ERROR;
				CLANG_WARN_EMPTY_BODY = YES;
				CLANG_WARN_ENUM_CONVERSION = YES;
				CLANG_WARN_INT_CONVERSION = YES;
				CLANG_WARN_OBJC_ROOT_CLASS = YES_ERROR;
				CLANG_WARN_UNREACHABLE_CODE = YES;
				CLANG_WARN__DUPLICATE_METHOD_MATCH = YES;
				"CODE_SIGN_IDENTITY[sdk=iphoneos*]" = "iPhone Developer";
				COPY_PHASE_STRIP = NO;
				DEBUG_INFORMATION_FORMAT = dwarf;
				ENABLE_STRICT_OBJC_MSGSEND = YES;
				ENABLE_TESTABILITY = YES;
				GCC_C_LANGUAGE_STANDARD = gnu99;
				GCC_DYNAMIC_NO_PIC = NO;
				GCC_NO_COMMON_BLOCKS = YES;
				GCC_OPTIMIZATION_LEVEL = 0;
				GCC_PREPROCESSOR_DEFINITIONS = (
					"DEBUG=1",
					"$(inherited)",
				);
				GCC_WARN_64_TO_32_BIT_CONVERSION = YES;
				GCC_WARN_ABOUT_RETURN_TYPE = YES_ERROR;
				GCC_WARN_UNDECLARED_SELECTOR = YES;
				GCC_WARN_UNINITIALIZED_AUTOS = YES_AGGRESSIVE;
				GCC_WARN_UNUSED_FUNCTION = YES;
				GCC_WARN_UNUSED_VARIABLE = YES;
				IPHONEOS_DEPLOYMENT_TARGET = 9.3;
				MTL_ENABLE_DEBUG_INFO = YES;
				ONLY_ACTIVE_ARCH = YES;
				SDKROOT = iphoneos;
				SWIFT_OPTIMIZATION_LEVEL = "-Onone";
			};
			name = Debug;
		};
		4B402C2C1CDC25960047DD6B /* Release */ = {
			isa = XCBuildConfiguration;
			buildSettings = {
				ALWAYS_SEARCH_USER_PATHS = NO;
				CLANG_ANALYZER_NONNULL = YES;
				CLANG_CXX_LANGUAGE_STANDARD = "gnu++0x";
				CLANG_CXX_LIBRARY = "libc++";
				CLANG_ENABLE_MODULES = YES;
				CLANG_ENABLE_OBJC_ARC = YES;
				CLANG_WARN_BOOL_CONVERSION = YES;
				CLANG_WARN_CONSTANT_CONVERSION = YES;
				CLANG_WARN_DIRECT_OBJC_ISA_USAGE = YES_ERROR;
				CLANG_WARN_EMPTY_BODY = YES;
				CLANG_WARN_ENUM_CONVERSION = YES;
				CLANG_WARN_INT_CONVERSION = YES;
				CLANG_WARN_OBJC_ROOT_CLASS = YES_ERROR;
				CLANG_WARN_UNREACHABLE_CODE = YES;
				CLANG_WARN__DUPLICATE_METHOD_MATCH = YES;
				"CODE_SIGN_IDENTITY[sdk=iphoneos*]" = "iPhone Developer";
				COPY_PHASE_STRIP = NO;
				DEBUG_INFORMATION_FORMAT = "dwarf-with-dsym";
				ENABLE_NS_ASSERTIONS = NO;
				ENABLE_STRICT_OBJC_MSGSEND = YES;
				GCC_C_LANGUAGE_STANDARD = gnu99;
				GCC_NO_COMMON_BLOCKS = YES;
				GCC_WARN_64_TO_32_BIT_CONVERSION = YES;
				GCC_WARN_ABOUT_RETURN_TYPE = YES_ERROR;
				GCC_WARN_UNDECLARED_SELECTOR = YES;
				GCC_WARN_UNINITIALIZED_AUTOS = YES_AGGRESSIVE;
				GCC_WARN_UNUSED_FUNCTION = YES;
				GCC_WARN_UNUSED_VARIABLE = YES;
				IPHONEOS_DEPLOYMENT_TARGET = 9.3;
				MTL_ENABLE_DEBUG_INFO = NO;
				SDKROOT = iphoneos;
				VALIDATE_PRODUCT = YES;
			};
			name = Release;
		};
		4B402C2E1CDC25960047DD6B /* Debug */ = {
			isa = XCBuildConfiguration;
			buildSettings = {
				ASSETCATALOG_COMPILER_APPICON_NAME = AppIcon;
				INFOPLIST_FILE = SwiftTDDTest/Info.plist;
				LD_RUNPATH_SEARCH_PATHS = "$(inherited) @executable_path/Frameworks";
				PRODUCT_BUNDLE_IDENTIFIER = com.sherry.SwiftTDDTest;
				PRODUCT_NAME = "$(TARGET_NAME)";
			};
			name = Debug;
		};
		4B402C2F1CDC25960047DD6B /* Release */ = {
			isa = XCBuildConfiguration;
			buildSettings = {
				ASSETCATALOG_COMPILER_APPICON_NAME = AppIcon;
				INFOPLIST_FILE = SwiftTDDTest/Info.plist;
				LD_RUNPATH_SEARCH_PATHS = "$(inherited) @executable_path/Frameworks";
				PRODUCT_BUNDLE_IDENTIFIER = com.sherry.SwiftTDDTest;
				PRODUCT_NAME = "$(TARGET_NAME)";
			};
			name = Release;
		};
		4B402C311CDC25960047DD6B /* Debug */ = {
			isa = XCBuildConfiguration;
			buildSettings = {
				BUNDLE_LOADER = "$(TEST_HOST)";
				INFOPLIST_FILE = SwiftTDDTestTests/Info.plist;
				LD_RUNPATH_SEARCH_PATHS = "$(inherited) @executable_path/Frameworks @loader_path/Frameworks";
				PRODUCT_BUNDLE_IDENTIFIER = com.sherry.SwiftTDDTestTests;
				PRODUCT_NAME = "$(TARGET_NAME)";
				TEST_HOST = "$(BUILT_PRODUCTS_DIR)/SwiftTDDTest.app/SwiftTDDTest";
			};
			name = Debug;
		};
		4B402C321CDC25960047DD6B /* Release */ = {
			isa = XCBuildConfiguration;
			buildSettings = {
				BUNDLE_LOADER = "$(TEST_HOST)";
				INFOPLIST_FILE = SwiftTDDTestTests/Info.plist;
				LD_RUNPATH_SEARCH_PATHS = "$(inherited) @executable_path/Frameworks @loader_path/Frameworks";
				PRODUCT_BUNDLE_IDENTIFIER = com.sherry.SwiftTDDTestTests;
				PRODUCT_NAME = "$(TARGET_NAME)";
				TEST_HOST = "$(BUILT_PRODUCTS_DIR)/SwiftTDDTest.app/SwiftTDDTest";
			};
			name = Release;
		};
		4B402C341CDC25960047DD6B /* Debug */ = {
			isa = XCBuildConfiguration;
			buildSettings = {
				INFOPLIST_FILE = SwiftTDDTestUITests/Info.plist;
				LD_RUNPATH_SEARCH_PATHS = "$(inherited) @executable_path/Frameworks @loader_path/Frameworks";
				PRODUCT_BUNDLE_IDENTIFIER = com.sherry.SwiftTDDTestUITests;
				PRODUCT_NAME = "$(TARGET_NAME)";
				TEST_TARGET_NAME = SwiftTDDTest;
			};
			name = Debug;
		};
		4B402C351CDC25960047DD6B /* Release */ = {
			isa = XCBuildConfiguration;
			buildSettings = {
				INFOPLIST_FILE = SwiftTDDTestUITests/Info.plist;
				LD_RUNPATH_SEARCH_PATHS = "$(inherited) @executable_path/Frameworks @loader_path/Frameworks";
				PRODUCT_BUNDLE_IDENTIFIER = com.sherry.SwiftTDDTestUITests;
				PRODUCT_NAME = "$(TARGET_NAME)";
				TEST_TARGET_NAME = SwiftTDDTest;
			};
			name = Release;
		};
/* End XCBuildConfiguration section */

/* Begin XCConfigurationList section */
		4B402C001CDC25960047DD6B /* Build configuration list for PBXProject "SwiftTDDTest" */ = {
			isa = XCConfigurationList;
			buildConfigurations = (
				4B402C2B1CDC25960047DD6B /* Debug */,
				4B402C2C1CDC25960047DD6B /* Release */,
			);
			defaultConfigurationIsVisible = 0;
			defaultConfigurationName = Release;
		};
		4B402C2D1CDC25960047DD6B /* Build configuration list for PBXNativeTarget "SwiftTDDTest" */ = {
			isa = XCConfigurationList;
			buildConfigurations = (
				4B402C2E1CDC25960047DD6B /* Debug */,
				4B402C2F1CDC25960047DD6B /* Release */,
			);
			defaultConfigurationIsVisible = 0;
		};
		4B402C301CDC25960047DD6B /* Build configuration list for PBXNativeTarget "SwiftTDDTestTests" */ = {
			isa = XCConfigurationList;
			buildConfigurations = (
				4B402C311CDC25960047DD6B /* Debug */,
				4B402C321CDC25960047DD6B /* Release */,
			);
			defaultConfigurationIsVisible = 0;
		};
		4B402C331CDC25960047DD6B /* Build configuration list for PBXNativeTarget "SwiftTDDTestUITests" */ = {
			isa = XCConfigurationList;
			buildConfigurations = (
				4B402C341CDC25960047DD6B /* Debug */,
				4B402C351CDC25960047DD6B /* Release */,
			);
			defaultConfigurationIsVisible = 0;
		};
/* End XCConfigurationList section */
	};
	rootObject = 4B402BFD1CDC25960047DD6B /* Project object */;
}
