// !$*UTF8*$!
{
	archiveVersion = 1;
	classes = {
	};
	objectVersion = 46;
	objects = {

/* Begin PBXBuildFile section */
		4B382A031CE2CA7B001E0066 /* SecondViewController.swift in Sources */ = {isa = PBXBuildFile; fileRef = 4B382A021CE2CA7B001E0066 /* SecondViewController.swift */; };
		4B382A041CE2CA7B001E0066 /* SecondViewController.swift in Sources */ = {isa = PBXBuildFile; fileRef = 4B382A021CE2CA7B001E0066 /* SecondViewController.swift */; };
		4B382A091CE2D373001E0066 /* SecondViewControllerTests.swift in Sources */ = {isa = PBXBuildFile; fileRef = 4B382A081CE2D373001E0066 /* SecondViewControllerTests.swift */; };
		4B382A181CE33B3E001E0066 /* TableViewController.swift in Sources */ = {isa = PBXBuildFile; fileRef = 4B382A171CE33B3E001E0066 /* TableViewController.swift */; };
		4B382A191CE33B3E001E0066 /* TableViewController.swift in Sources */ = {isa = PBXBuildFile; fileRef = 4B382A171CE33B3E001E0066 /* TableViewController.swift */; };
		4B382A1B1CE33B9C001E0066 /* TableViewControllerTests.swift in Sources */ = {isa = PBXBuildFile; fileRef = 4B382A1A1CE33B9C001E0066 /* TableViewControllerTests.swift */; };
		4B402C091CDC25960047DD6B /* AppDelegate.swift in Sources */ = {isa = PBXBuildFile; fileRef = 4B402C081CDC25960047DD6B /* AppDelegate.swift */; };
		4B402C101CDC25960047DD6B /* Assets.xcassets in Resources */ = {isa = PBXBuildFile; fileRef = 4B402C0F1CDC25960047DD6B /* Assets.xcassets */; };
		4B402C131CDC25960047DD6B /* LaunchScreen.storyboard in Resources */ = {isa = PBXBuildFile; fileRef = 4B402C111CDC25960047DD6B /* LaunchScreen.storyboard */; };
		4B402C1E1CDC25960047DD6B /* SwiftTDDTestTests.swift in Sources */ = {isa = PBXBuildFile; fileRef = 4B402C1D1CDC25960047DD6B /* SwiftTDDTestTests.swift */; };
		4B402C291CDC25960047DD6B /* SwiftTDDTestUITests.swift in Sources */ = {isa = PBXBuildFile; fileRef = 4B402C281CDC25960047DD6B /* SwiftTDDTestUITests.swift */; };
		4B402C3B1CDC720C0047DD6B /* Url.swift in Sources */ = {isa = PBXBuildFile; fileRef = 4B402C3A1CDC720C0047DD6B /* Url.swift */; };
		4B402C3C1CDC720C0047DD6B /* Url.swift in Sources */ = {isa = PBXBuildFile; fileRef = 4B402C3A1CDC720C0047DD6B /* Url.swift */; };
		4B402C3E1CDC750B0047DD6B /* UrlTests.swift in Sources */ = {isa = PBXBuildFile; fileRef = 4B402C3D1CDC750B0047DD6B /* UrlTests.swift */; };
		4B402C401CDC79EC0047DD6B /* BaseTests.swift in Sources */ = {isa = PBXBuildFile; fileRef = 4B402C3F1CDC79EC0047DD6B /* BaseTests.swift */; };
		4B402C421CDC7BE20047DD6B /* Frog.swift in Sources */ = {isa = PBXBuildFile; fileRef = 4B402C411CDC7BE20047DD6B /* Frog.swift */; };
		4B402C431CDC7BE20047DD6B /* Frog.swift in Sources */ = {isa = PBXBuildFile; fileRef = 4B402C411CDC7BE20047DD6B /* Frog.swift */; };
		4B402C451CDC7C760047DD6B /* FrogTests.swift in Sources */ = {isa = PBXBuildFile; fileRef = 4B402C441CDC7C760047DD6B /* FrogTests.swift */; };
		4B402C471CDC83980047DD6B /* Singleton.swift in Sources */ = {isa = PBXBuildFile; fileRef = 4B402C461CDC83980047DD6B /* Singleton.swift */; };
		4B402C481CDC83980047DD6B /* Singleton.swift in Sources */ = {isa = PBXBuildFile; fileRef = 4B402C461CDC83980047DD6B /* Singleton.swift */; };
		4B402C4A1CDC85770047DD6B /* SingletonTests.swift in Sources */ = {isa = PBXBuildFile; fileRef = 4B402C491CDC85770047DD6B /* SingletonTests.swift */; };
		4B432BE81CE075BE0062EC52 /* ViewController.swift in Sources */ = {isa = PBXBuildFile; fileRef = 4B432BE71CE075BE0062EC52 /* ViewController.swift */; };
		4B432BE91CE075BE0062EC52 /* ViewController.swift in Sources */ = {isa = PBXBuildFile; fileRef = 4B432BE71CE075BE0062EC52 /* ViewController.swift */; };
		4B432BEB1CE077260062EC52 /* AlertControllerTests.swift in Sources */ = {isa = PBXBuildFile; fileRef = 4B432BEA1CE077260062EC52 /* AlertControllerTests.swift */; };
		4B432BED1CE092420062EC52 /* ProjectTests.swift in Sources */ = {isa = PBXBuildFile; fileRef = 4B432BEC1CE092420062EC52 /* ProjectTests.swift */; };
		4B432BEF1CE092920062EC52 /* Project.swift in Sources */ = {isa = PBXBuildFile; fileRef = 4B432BEE1CE092920062EC52 /* Project.swift */; };
		4B432BF01CE092920062EC52 /* Project.swift in Sources */ = {isa = PBXBuildFile; fileRef = 4B432BEE1CE092920062EC52 /* Project.swift */; };
		4B4909451CE1B96A0041A4E6 /* EventProtocol.swift in Sources */ = {isa = PBXBuildFile; fileRef = 4B4909441CE1B96A0041A4E6 /* EventProtocol.swift */; };
		4B4909461CE1B96A0041A4E6 /* EventProtocol.swift in Sources */ = {isa = PBXBuildFile; fileRef = 4B4909441CE1B96A0041A4E6 /* EventProtocol.swift */; };
		4B49094B1CE1B9ED0041A4E6 /* EventDescriptionFormatter.swift in Sources */ = {isa = PBXBuildFile; fileRef = 4B49094A1CE1B9ED0041A4E6 /* EventDescriptionFormatter.swift */; };
		4B49094C1CE1B9ED0041A4E6 /* EventDescriptionFormatter.swift in Sources */ = {isa = PBXBuildFile; fileRef = 4B49094A1CE1B9ED0041A4E6 /* EventDescriptionFormatter.swift */; };
		4B49094E1CE1BC330041A4E6 /* EventDescriptionFormatterTests.swift in Sources */ = {isa = PBXBuildFile; fileRef = 4B49094D1CE1BC330041A4E6 /* EventDescriptionFormatterTests.swift */; };
		4B4909501CE1C0030041A4E6 /* Banana.swift in Sources */ = {isa = PBXBuildFile; fileRef = 4B49094F1CE1C0030041A4E6 /* Banana.swift */; };
		4B4909511CE1C0030041A4E6 /* Banana.swift in Sources */ = {isa = PBXBuildFile; fileRef = 4B49094F1CE1C0030041A4E6 /* Banana.swift */; };
		4B4909531CE1C0260041A4E6 /* BananaTests.swift in Sources */ = {isa = PBXBuildFile; fileRef = 4B4909521CE1C0260041A4E6 /* BananaTests.swift */; };
		4B4909581CE1C1D90041A4E6 /* Offer.swift in Sources */ = {isa = PBXBuildFile; fileRef = 4B4909571CE1C1D90041A4E6 /* Offer.swift */; };
		4B4909591CE1C1D90041A4E6 /* Offer.swift in Sources */ = {isa = PBXBuildFile; fileRef = 4B4909571CE1C1D90041A4E6 /* Offer.swift */; };
		4B49095B1CE1C1E60041A4E6 /* OfferTests.swift in Sources */ = {isa = PBXBuildFile; fileRef = 4B49095A1CE1C1E60041A4E6 /* OfferTests.swift */; };
		4B49095D1CE1CB5A0041A4E6 /* Monkey.swift in Sources */ = {isa = PBXBuildFile; fileRef = 4B49095C1CE1CB5A0041A4E6 /* Monkey.swift */; };
		4B49095E1CE1CB5A0041A4E6 /* Monkey.swift in Sources */ = {isa = PBXBuildFile; fileRef = 4B49095C1CE1CB5A0041A4E6 /* Monkey.swift */; };
		4B4909621CE1CB8F0041A4E6 /* SilliestMonkey.swift in Sources */ = {isa = PBXBuildFile; fileRef = 4B4909611CE1CB8F0041A4E6 /* SilliestMonkey.swift */; };
		4B4909631CE1CB8F0041A4E6 /* SilliestMonkey.swift in Sources */ = {isa = PBXBuildFile; fileRef = 4B4909611CE1CB8F0041A4E6 /* SilliestMonkey.swift */; };
		4B4909651CE1CB9D0041A4E6 /* SilliestMonkeyTests.swift in Sources */ = {isa = PBXBuildFile; fileRef = 4B4909641CE1CB9D0041A4E6 /* SilliestMonkeyTests.swift */; };
/* End PBXBuildFile section */

/* Begin PBXContainerItemProxy section */
		4B402C1A1CDC25960047DD6B /* PBXContainerItemProxy */ = {
			isa = PBXContainerItemProxy;
			containerPortal = 4B402BFD1CDC25960047DD6B /* Project object */;
			proxyType = 1;
			remoteGlobalIDString = 4B402C041CDC25960047DD6B;
			remoteInfo = SwiftTDDTest;
		};
		4B402C251CDC25960047DD6B /* PBXContainerItemProxy */ = {
			isa = PBXContainerItemProxy;
			containerPortal = 4B402BFD1CDC25960047DD6B /* Project object */;
			proxyType = 1;
			remoteGlobalIDString = 4B402C041CDC25960047DD6B;
			remoteInfo = SwiftTDDTest;
		};
/* End PBXContainerItemProxy section */

/* Begin PBXFileReference section */
		4B382A021CE2CA7B001E0066 /* SecondViewController.swift */ = {isa = PBXFileReference; fileEncoding = 4; lastKnownFileType = sourcecode.swift; path = SecondViewController.swift; sourceTree = "<group>"; };
		4B382A081CE2D373001E0066 /* SecondViewControllerTests.swift */ = {isa = PBXFileReference; fileEncoding = 4; lastKnownFileType = sourcecode.swift; path = SecondViewControllerTests.swift; sourceTree = "<group>"; };
		4B382A171CE33B3E001E0066 /* TableViewController.swift */ = {isa = PBXFileReference; fileEncoding = 4; lastKnownFileType = sourcecode.swift; path = TableViewController.swift; sourceTree = "<group>"; };
		4B382A1A1CE33B9C001E0066 /* TableViewControllerTests.swift */ = {isa = PBXFileReference; fileEncoding = 4; lastKnownFileType = sourcecode.swift; path = TableViewControllerTests.swift; sourceTree = "<group>"; };
		4B402C051CDC25960047DD6B /* SwiftTDDTest.app */ = {isa = PBXFileReference; explicitFileType = wrapper.application; includeInIndex = 0; path = SwiftTDDTest.app; sourceTree = BUILT_PRODUCTS_DIR; };
		4B402C081CDC25960047DD6B /* AppDelegate.swift */ = {isa = PBXFileReference; lastKnownFileType = sourcecode.swift; path = AppDelegate.swift; sourceTree = "<group>"; };
		4B402C0F1CDC25960047DD6B /* Assets.xcassets */ = {isa = PBXFileReference; lastKnownFileType = folder.assetcatalog; path = Assets.xcassets; sourceTree = "<group>"; };
		4B402C121CDC25960047DD6B /* Base */ = {isa = PBXFileReference; lastKnownFileType = file.storyboard; name = Base; path = Base.lproj/LaunchScreen.storyboard; sourceTree = "<group>"; };
		4B402C141CDC25960047DD6B /* Info.plist */ = {isa = PBXFileReference; lastKnownFileType = text.plist.xml; path = Info.plist; sourceTree = "<group>"; };
		4B402C191CDC25960047DD6B /* SwiftTDDTestTests.xctest */ = {isa = PBXFileReference; explicitFileType = wrapper.cfbundle; includeInIndex = 0; path = SwiftTDDTestTests.xctest; sourceTree = BUILT_PRODUCTS_DIR; };
		4B402C1D1CDC25960047DD6B /* SwiftTDDTestTests.swift */ = {isa = PBXFileReference; lastKnownFileType = sourcecode.swift; path = SwiftTDDTestTests.swift; sourceTree = "<group>"; };
		4B402C1F1CDC25960047DD6B /* Info.plist */ = {isa = PBXFileReference; lastKnownFileType = text.plist.xml; path = Info.plist; sourceTree = "<group>"; };
		4B402C241CDC25960047DD6B /* SwiftTDDTestUITests.xctest */ = {isa = PBXFileReference; explicitFileType = wrapper.cfbundle; includeInIndex = 0; path = SwiftTDDTestUITests.xctest; sourceTree = BUILT_PRODUCTS_DIR; };
		4B402C281CDC25960047DD6B /* SwiftTDDTestUITests.swift */ = {isa = PBXFileReference; lastKnownFileType = sourcecode.swift; path = SwiftTDDTestUITests.swift; sourceTree = "<group>"; };
		4B402C2A1CDC25960047DD6B /* Info.plist */ = {isa = PBXFileReference; lastKnownFileType = text.plist.xml; path = Info.plist; sourceTree = "<group>"; };
		4B402C3A1CDC720C0047DD6B /* Url.swift */ = {isa = PBXFileReference; fileEncoding = 4; lastKnownFileType = sourcecode.swift; path = Url.swift; sourceTree = "<group>"; };
		4B402C3D1CDC750B0047DD6B /* UrlTests.swift */ = {isa = PBXFileReference; fileEncoding = 4; lastKnownFileType = sourcecode.swift; path = UrlTests.swift; sourceTree = "<group>"; };
		4B402C3F1CDC79EC0047DD6B /* BaseTests.swift */ = {isa = PBXFileReference; fileEncoding = 4; lastKnownFileType = sourcecode.swift; path = BaseTests.swift; sourceTree = "<group>"; };
		4B402C411CDC7BE20047DD6B /* Frog.swift */ = {isa = PBXFileReference; fileEncoding = 4; lastKnownFileType = sourcecode.swift; path = Frog.swift; sourceTree = "<group>"; };
		4B402C441CDC7C760047DD6B /* FrogTests.swift */ = {isa = PBXFileReference; fileEncoding = 4; lastKnownFileType = sourcecode.swift; path = FrogTests.swift; sourceTree = "<group>"; };
		4B402C461CDC83980047DD6B /* Singleton.swift */ = {isa = PBXFileReference; fileEncoding = 4; lastKnownFileType = sourcecode.swift; path = Singleton.swift; sourceTree = "<group>"; };
		4B402C491CDC85770047DD6B /* SingletonTests.swift */ = {isa = PBXFileReference; fileEncoding = 4; lastKnownFileType = sourcecode.swift; path = SingletonTests.swift; sourceTree = "<group>"; };
		4B432BE71CE075BE0062EC52 /* ViewController.swift */ = {isa = PBXFileReference; fileEncoding = 4; lastKnownFileType = sourcecode.swift; path = ViewController.swift; sourceTree = "<group>"; };
		4B432BEA1CE077260062EC52 /* AlertControllerTests.swift */ = {isa = PBXFileReference; fileEncoding = 4; lastKnownFileType = sourcecode.swift; path = AlertControllerTests.swift; sourceTree = "<group>"; };
		4B432BEC1CE092420062EC52 /* ProjectTests.swift */ = {isa = PBXFileReference; fileEncoding = 4; lastKnownFileType = sourcecode.swift; path = ProjectTests.swift; sourceTree = "<group>"; };
		4B432BEE1CE092920062EC52 /* Project.swift */ = {isa = PBXFileReference; fileEncoding = 4; lastKnownFileType = sourcecode.swift; path = Project.swift; sourceTree = "<group>"; };
		4B4909441CE1B96A0041A4E6 /* EventProtocol.swift */ = {isa = PBXFileReference; fileEncoding = 4; lastKnownFileType = sourcecode.swift; path = EventProtocol.swift; sourceTree = "<group>"; };
		4B49094A1CE1B9ED0041A4E6 /* EventDescriptionFormatter.swift */ = {isa = PBXFileReference; fileEncoding = 4; lastKnownFileType = sourcecode.swift; path = EventDescriptionFormatter.swift; sourceTree = "<group>"; };
		4B49094D1CE1BC330041A4E6 /* EventDescriptionFormatterTests.swift */ = {isa = PBXFileReference; fileEncoding = 4; lastKnownFileType = sourcecode.swift; path = EventDescriptionFormatterTests.swift; sourceTree = "<group>"; };
		4B49094F1CE1C0030041A4E6 /* Banana.swift */ = {isa = PBXFileReference; fileEncoding = 4; lastKnownFileType = sourcecode.swift; path = Banana.swift; sourceTree = "<group>"; };
		4B4909521CE1C0260041A4E6 /* BananaTests.swift */ = {isa = PBXFileReference; fileEncoding = 4; lastKnownFileType = sourcecode.swift; path = BananaTests.swift; sourceTree = "<group>"; };
		4B4909571CE1C1D90041A4E6 /* Offer.swift */ = {isa = PBXFileReference; fileEncoding = 4; lastKnownFileType = sourcecode.swift; path = Offer.swift; sourceTree = "<group>"; };
		4B49095A1CE1C1E60041A4E6 /* OfferTests.swift */ = {isa = PBXFileReference; fileEncoding = 4; lastKnownFileType = sourcecode.swift; path = OfferTests.swift; sourceTree = "<group>"; };
		4B49095C1CE1CB5A0041A4E6 /* Monkey.swift */ = {isa = PBXFileReference; fileEncoding = 4; lastKnownFileType = sourcecode.swift; path = Monkey.swift; sourceTree = "<group>"; };
		4B4909611CE1CB8F0041A4E6 /* SilliestMonkey.swift */ = {isa = PBXFileReference; fileEncoding = 4; lastKnownFileType = sourcecode.swift; path = SilliestMonkey.swift; sourceTree = "<group>"; };
		4B4909641CE1CB9D0041A4E6 /* SilliestMonkeyTests.swift */ = {isa = PBXFileReference; fileEncoding = 4; lastKnownFileType = sourcecode.swift; path = SilliestMonkeyTests.swift; sourceTree = "<group>"; };
/* End PBXFileReference section */

/* Begin PBXFrameworksBuildPhase section */
		4B402C021CDC25960047DD6B /* Frameworks */ = {
			isa = PBXFrameworksBuildPhase;
			buildActionMask = 2147483647;
			files = (
			);
			runOnlyForDeploymentPostprocessing = 0;
		};
		4B402C161CDC25960047DD6B /* Frameworks */ = {
			isa = PBXFrameworksBuildPhase;
			buildActionMask = 2147483647;
			files = (
			);
			runOnlyForDeploymentPostprocessing = 0;
		};
		4B402C211CDC25960047DD6B /* Frameworks */ = {
			isa = PBXFrameworksBuildPhase;
			buildActionMask = 2147483647;
			files = (
			);
			runOnlyForDeploymentPostprocessing = 0;
		};
/* End PBXFrameworksBuildPhase section */

/* Begin PBXGroup section */
		4B402BFC1CDC25960047DD6B = {
			isa = PBXGroup;
			children = (
				4B402C071CDC25960047DD6B /* SwiftTDDTest */,
				4B402C1C1CDC25960047DD6B /* SwiftTDDTestTests */,
				4B402C271CDC25960047DD6B /* SwiftTDDTestUITests */,
				4B402C061CDC25960047DD6B /* Products */,
			);
			sourceTree = "<group>";
		};
		4B402C061CDC25960047DD6B /* Products */ = {
			isa = PBXGroup;
			children = (
				4B402C051CDC25960047DD6B /* SwiftTDDTest.app */,
				4B402C191CDC25960047DD6B /* SwiftTDDTestTests.xctest */,
				4B402C241CDC25960047DD6B /* SwiftTDDTestUITests.xctest */,
			);
			name = Products;
			sourceTree = "<group>";
		};
		4B402C071CDC25960047DD6B /* SwiftTDDTest */ = {
			isa = PBXGroup;
			children = (
				4B402C081CDC25960047DD6B /* AppDelegate.swift */,
				4B432BE71CE075BE0062EC52 /* ViewController.swift */,
				4B382A021CE2CA7B001E0066 /* SecondViewController.swift */,
				4B382A171CE33B3E001E0066 /* TableViewController.swift */,
				4B402C3A1CDC720C0047DD6B /* Url.swift */,
				4B402C411CDC7BE20047DD6B /* Frog.swift */,
				4B402C461CDC83980047DD6B /* Singleton.swift */,
				4B432BEE1CE092920062EC52 /* Project.swift */,
				4B4909441CE1B96A0041A4E6 /* EventProtocol.swift */,
				4B49094A1CE1B9ED0041A4E6 /* EventDescriptionFormatter.swift */,
				4B49094F1CE1C0030041A4E6 /* Banana.swift */,
				4B4909571CE1C1D90041A4E6 /* Offer.swift */,
				4B49095C1CE1CB5A0041A4E6 /* Monkey.swift */,
				4B4909611CE1CB8F0041A4E6 /* SilliestMonkey.swift */,
				4B402C0F1CDC25960047DD6B /* Assets.xcassets */,
				4B402C111CDC25960047DD6B /* LaunchScreen.storyboard */,
				4B402C141CDC25960047DD6B /* Info.plist */,
			);
			path = SwiftTDDTest;
			sourceTree = "<group>";
		};
		4B402C1C1CDC25960047DD6B /* SwiftTDDTestTests */ = {
			isa = PBXGroup;
			children = (
				4B402C1D1CDC25960047DD6B /* SwiftTDDTestTests.swift */,
				4B402C3F1CDC79EC0047DD6B /* BaseTests.swift */,
				4B402C3D1CDC750B0047DD6B /* UrlTests.swift */,
				4B402C441CDC7C760047DD6B /* FrogTests.swift */,
				4B402C491CDC85770047DD6B /* SingletonTests.swift */,
				4B432BEC1CE092420062EC52 /* ProjectTests.swift */,
				4B432BEA1CE077260062EC52 /* AlertControllerTests.swift */,
				4B49094D1CE1BC330041A4E6 /* EventDescriptionFormatterTests.swift */,
				4B4909521CE1C0260041A4E6 /* BananaTests.swift */,
				4B49095A1CE1C1E60041A4E6 /* OfferTests.swift */,
				4B4909641CE1CB9D0041A4E6 /* SilliestMonkeyTests.swift */,
				4B382A081CE2D373001E0066 /* SecondViewControllerTests.swift */,
				4B382A1A1CE33B9C001E0066 /* TableViewControllerTests.swift */,
				4B402C1F1CDC25960047DD6B /* Info.plist */,
			);
			path = SwiftTDDTestTests;
			sourceTree = "<group>";
		};
		4B402C271CDC25960047DD6B /* SwiftTDDTestUITests */ = {
			isa = PBXGroup;
			children = (
				4B402C281CDC25960047DD6B /* SwiftTDDTestUITests.swift */,
				4B402C2A1CDC25960047DD6B /* Info.plist */,
			);
			path = SwiftTDDTestUITests;
			sourceTree = "<group>";
		};
/* End PBXGroup section */

/* Begin PBXNativeTarget section */
		4B402C041CDC25960047DD6B /* SwiftTDDTest */ = {
			isa = PBXNativeTarget;
			buildConfigurationList = 4B402C2D1CDC25960047DD6B /* Build configuration list for PBXNativeTarget "SwiftTDDTest" */;
			buildPhases = (
				4B402C011CDC25960047DD6B /* Sources */,
				4B402C021CDC25960047DD6B /* Frameworks */,
				4B402C031CDC25960047DD6B /* Resources */,
			);
			buildRules = (
			);
			dependencies = (
			);
			name = SwiftTDDTest;
			productName = SwiftTDDTest;
			productReference = 4B402C051CDC25960047DD6B /* SwiftTDDTest.app */;
			productType = "com.apple.product-type.application";
		};
		4B402C181CDC25960047DD6B /* SwiftTDDTestTests */ = {
			isa = PBXNativeTarget;
			buildConfigurationList = 4B402C301CDC25960047DD6B /* Build configuration list for PBXNativeTarget "SwiftTDDTestTests" */;
			buildPhases = (
				4B402C151CDC25960047DD6B /* Sources */,
				4B402C161CDC25960047DD6B /* Frameworks */,
				4B402C171CDC25960047DD6B /* Resources */,
			);
			buildRules = (
			);
			dependencies = (
				4B402C1B1CDC25960047DD6B /* PBXTargetDependency */,
			);
			name = SwiftTDDTestTests;
			productName = SwiftTDDTestTests;
			productReference = 4B402C191CDC25960047DD6B /* SwiftTDDTestTests.xctest */;
			productType = "com.apple.product-type.bundle.unit-test";
		};
		4B402C231CDC25960047DD6B /* SwiftTDDTestUITests */ = {
			isa = PBXNativeTarget;
			buildConfigurationList = 4B402C331CDC25960047DD6B /* Build configuration list for PBXNativeTarget "SwiftTDDTestUITests" */;
			buildPhases = (
				4B402C201CDC25960047DD6B /* Sources */,
				4B402C211CDC25960047DD6B /* Frameworks */,
				4B402C221CDC25960047DD6B /* Resources */,
			);
			buildRules = (
			);
			dependencies = (
				4B402C261CDC25960047DD6B /* PBXTargetDependency */,
			);
			name = SwiftTDDTestUITests;
			productName = SwiftTDDTestUITests;
			productReference = 4B402C241CDC25960047DD6B /* SwiftTDDTestUITests.xctest */;
			productType = "com.apple.product-type.bundle.ui-testing";
		};
/* End PBXNativeTarget section */

/* Begin PBXProject section */
		4B402BFD1CDC25960047DD6B /* Project object */ = {
			isa = PBXProject;
			attributes = {
				LastSwiftUpdateCheck = 0730;
				LastUpgradeCheck = 0730;
				ORGANIZATIONNAME = sherry;
				TargetAttributes = {
					4B402C041CDC25960047DD6B = {
						CreatedOnToolsVersion = 7.3;
					};
					4B402C181CDC25960047DD6B = {
						CreatedOnToolsVersion = 7.3;
						TestTargetID = 4B402C041CDC25960047DD6B;
					};
					4B402C231CDC25960047DD6B = {
						CreatedOnToolsVersion = 7.3;
						TestTargetID = 4B402C041CDC25960047DD6B;
					};
				};
			};
			buildConfigurationList = 4B402C001CDC25960047DD6B /* Build configuration list for PBXProject "SwiftTDDTest" */;
			compatibilityVersion = "Xcode 3.2";
			developmentRegion = English;
			hasScannedForEncodings = 0;
			knownRegions = (
				en,
				Base,
			);
			mainGroup = 4B402BFC1CDC25960047DD6B;
			productRefGroup = 4B402C061CDC25960047DD6B /* Products */;
			projectDirPath = "";
			projectRoot = "";
			targets = (
				4B402C041CDC25960047DD6B /* SwiftTDDTest */,
				4B402C181CDC25960047DD6B /* SwiftTDDTestTests */,
				4B402C231CDC25960047DD6B /* SwiftTDDTestUITests */,
			);
		};
/* End PBXProject section */

/* Begin PBXResourcesBuildPhase section */
		4B402C031CDC25960047DD6B /* Resources */ = {
			isa = PBXResourcesBuildPhase;
			buildActionMask = 2147483647;
			files = (
				4B402C131CDC25960047DD6B /* LaunchScreen.storyboard in Resources */,
				4B402C101CDC25960047DD6B /* Assets.xcassets in Resources */,
			);
			runOnlyForDeploymentPostprocessing = 0;
		};
		4B402C171CDC25960047DD6B /* Resources */ = {
			isa = PBXResourcesBuildPhase;
			buildActionMask = 2147483647;
			files = (
			);
			runOnlyForDeploymentPostprocessing = 0;
		};
		4B402C221CDC25960047DD6B /* Resources */ = {
			isa = PBXResourcesBuildPhase;
			buildActionMask = 2147483647;
			files = (
			);
			runOnlyForDeploymentPostprocessing = 0;
		};
/* End PBXResourcesBuildPhase section */

/* Begin PBXSourcesBuildPhase section */
		4B402C011CDC25960047DD6B /* Sources */ = {
			isa = PBXSourcesBuildPhase;
			buildActionMask = 2147483647;
			files = (
				4B432BE81CE075BE0062EC52 /* ViewController.swift in Sources */,
				4B382A181CE33B3E001E0066 /* TableViewController.swift in Sources */,
				4B4909451CE1B96A0041A4E6 /* EventProtocol.swift in Sources */,
				4B402C3B1CDC720C0047DD6B /* Url.swift in Sources */,
				4B4909621CE1CB8F0041A4E6 /* SilliestMonkey.swift in Sources */,
				4B402C091CDC25960047DD6B /* AppDelegate.swift in Sources */,
				4B4909581CE1C1D90041A4E6 /* Offer.swift in Sources */,
				4B382A031CE2CA7B001E0066 /* SecondViewController.swift in Sources */,
				4B49094B1CE1B9ED0041A4E6 /* EventDescriptionFormatter.swift in Sources */,
				4B402C421CDC7BE20047DD6B /* Frog.swift in Sources */,
				4B402C471CDC83980047DD6B /* Singleton.swift in Sources */,
				4B4909501CE1C0030041A4E6 /* Banana.swift in Sources */,
				4B49095D1CE1CB5A0041A4E6 /* Monkey.swift in Sources */,
				4B432BEF1CE092920062EC52 /* Project.swift in Sources */,
			);
			runOnlyForDeploymentPostprocessing = 0;
		};
		4B402C151CDC25960047DD6B /* Sources */ = {
			isa = PBXSourcesBuildPhase;
			buildActionMask = 2147483647;
			files = (
				4B4909531CE1C0260041A4E6 /* BananaTests.swift in Sources */,
				4B49095B1CE1C1E60041A4E6 /* OfferTests.swift in Sources */,
				4B402C401CDC79EC0047DD6B /* BaseTests.swift in Sources */,
				4B402C481CDC83980047DD6B /* Singleton.swift in Sources */,
				4B432BED1CE092420062EC52 /* ProjectTests.swift in Sources */,
				4B402C1E1CDC25960047DD6B /* SwiftTDDTestTests.swift in Sources */,
				4B432BE91CE075BE0062EC52 /* ViewController.swift in Sources */,
				4B4909591CE1C1D90041A4E6 /* Offer.swift in Sources */,
				4B382A091CE2D373001E0066 /* SecondViewControllerTests.swift in Sources */,
				4B432BEB1CE077260062EC52 /* AlertControllerTests.swift in Sources */,
				4B49094C1CE1B9ED0041A4E6 /* EventDescriptionFormatter.swift in Sources */,
				4B382A041CE2CA7B001E0066 /* SecondViewController.swift in Sources */,
				4B402C3E1CDC750B0047DD6B /* UrlTests.swift in Sources */,
				4B4909511CE1C0030041A4E6 /* Banana.swift in Sources */,
				4B402C451CDC7C760047DD6B /* FrogTests.swift in Sources */,
				4B402C4A1CDC85770047DD6B /* SingletonTests.swift in Sources */,
				4B49095E1CE1CB5A0041A4E6 /* Monkey.swift in Sources */,
				4B4909631CE1CB8F0041A4E6 /* SilliestMonkey.swift in Sources */,
				4B402C431CDC7BE20047DD6B /* Frog.swift in Sources */,
				4B4909651CE1CB9D0041A4E6 /* SilliestMonkeyTests.swift in Sources */,
				4B49094E1CE1BC330041A4E6 /* EventDescriptionFormatterTests.swift in Sources */,
				4B382A1B1CE33B9C001E0066 /* TableViewControllerTests.swift in Sources */,
				4B4909461CE1B96A0041A4E6 /* EventProtocol.swift in Sources */,
				4B402C3C1CDC720C0047DD6B /* Url.swift in Sources */,
				4B382A191CE33B3E001E0066 /* TableViewController.swift in Sources */,
				4B432BF01CE092920062EC52 /* Project.swift in Sources */,
			);
			runOnlyForDeploymentPostprocessing = 0;
		};
		4B402C201CDC25960047DD6B /* Sources */ = {
			isa = PBXSourcesBuildPhase;
			buildActionMask = 2147483647;
			files = (
				4B402C291CDC25960047DD6B /* SwiftTDDTestUITests.swift in Sources */,
			);
			runOnlyForDeploymentPostprocessing = 0;
		};
/* End PBXSourcesBuildPhase section */

/* Begin PBXTargetDependency section */
		4B402C1B1CDC25960047DD6B /* PBXTargetDependency */ = {
			isa = PBXTargetDependency;
			target = 4B402C041CDC25960047DD6B /* SwiftTDDTest */;
			targetProxy = 4B402C1A1CDC25960047DD6B /* PBXContainerItemProxy */;
		};
		4B402C261CDC25960047DD6B /* PBXTargetDependency */ = {
			isa = PBXTargetDependency;
			target = 4B402C041CDC25960047DD6B /* SwiftTDDTest */;
			targetProxy = 4B402C251CDC25960047DD6B /* PBXContainerItemProxy */;
		};
/* End PBXTargetDependency section */

/* Begin PBXVariantGroup section */
		4B402C111CDC25960047DD6B /* LaunchScreen.storyboard */ = {
			isa = PBXVariantGroup;
			children = (
				4B402C121CDC25960047DD6B /* Base */,
			);
			name = LaunchScreen.storyboard;
			sourceTree = "<group>";
		};
/* End PBXVariantGroup section */

/* Begin XCBuildConfiguration section */
		4B402C2B1CDC25960047DD6B /* Debug */ = {
			isa = XCBuildConfiguration;
			buildSettings = {
				ALWAYS_SEARCH_USER_PATHS = NO;
				CLANG_ANALYZER_NONNULL = YES;
				CLANG_CXX_LANGUAGE_STANDARD = "gnu++0x";
				CLANG_CXX_LIBRARY = "libc++";
				CLANG_ENABLE_MODULES = YES;
				CLANG_ENABLE_OBJC_ARC = YES;
				CLANG_WARN_BOOL_CONVERSION = YES;
				CLANG_WARN_CONSTANT_CONVERSION = YES;
				CLANG_WARN_DIRECT_OBJC_ISA_USAGE = YES_ERROR;
				CLANG_WARN_EMPTY_BODY = YES;
				CLANG_WARN_ENUM_CONVERSION = YES;
				CLANG_WARN_INT_CONVERSION = YES;
				CLANG_WARN_OBJC_ROOT_CLASS = YES_ERROR;
				CLANG_WARN_UNREACHABLE_CODE = YES;
				CLANG_WARN__DUPLICATE_METHOD_MATCH = YES;
				"CODE_SIGN_IDENTITY[sdk=iphoneos*]" = "iPhone Developer";
				COPY_PHASE_STRIP = NO;
				DEBUG_INFORMATION_FORMAT = dwarf;
				ENABLE_STRICT_OBJC_MSGSEND = YES;
				ENABLE_TESTABILITY = YES;
				GCC_C_LANGUAGE_STANDARD = gnu99;
				GCC_DYNAMIC_NO_PIC = NO;
				GCC_NO_COMMON_BLOCKS = YES;
				GCC_OPTIMIZATION_LEVEL = 0;
				GCC_PREPROCESSOR_DEFINITIONS = (
					"DEBUG=1",
					"$(inherited)",
				);
				GCC_WARN_64_TO_32_BIT_CONVERSION = YES;
				GCC_WARN_ABOUT_RETURN_TYPE = YES_ERROR;
				GCC_WARN_UNDECLARED_SELECTOR = YES;
				GCC_WARN_UNINITIALIZED_AUTOS = YES_AGGRESSIVE;
				GCC_WARN_UNUSED_FUNCTION = YES;
				GCC_WARN_UNUSED_VARIABLE = YES;
				IPHONEOS_DEPLOYMENT_TARGET = 9.3;
				MTL_ENABLE_DEBUG_INFO = YES;
				ONLY_ACTIVE_ARCH = YES;
				SDKROOT = iphoneos;
				SWIFT_OPTIMIZATION_LEVEL = "-Onone";
			};
			name = Debug;
		};
		4B402C2C1CDC25960047DD6B /* Release */ = {
			isa = XCBuildConfiguration;
			buildSettings = {
				ALWAYS_SEARCH_USER_PATHS = NO;
				CLANG_ANALYZER_NONNULL = YES;
				CLANG_CXX_LANGUAGE_STANDARD = "gnu++0x";
				CLANG_CXX_LIBRARY = "libc++";
				CLANG_ENABLE_MODULES = YES;
				CLANG_ENABLE_OBJC_ARC = YES;
				CLANG_WARN_BOOL_CONVERSION = YES;
				CLANG_WARN_CONSTANT_CONVERSION = YES;
				CLANG_WARN_DIRECT_OBJC_ISA_USAGE = YES_ERROR;
				CLANG_WARN_EMPTY_BODY = YES;
				CLANG_WARN_ENUM_CONVERSION = YES;
				CLANG_WARN_INT_CONVERSION = YES;
				CLANG_WARN_OBJC_ROOT_CLASS = YES_ERROR;
				CLANG_WARN_UNREACHABLE_CODE = YES;
				CLANG_WARN__DUPLICATE_METHOD_MATCH = YES;
				"CODE_SIGN_IDENTITY[sdk=iphoneos*]" = "iPhone Developer";
				COPY_PHASE_STRIP = NO;
				DEBUG_INFORMATION_FORMAT = "dwarf-with-dsym";
				ENABLE_NS_ASSERTIONS = NO;
				ENABLE_STRICT_OBJC_MSGSEND = YES;
				GCC_C_LANGUAGE_STANDARD = gnu99;
				GCC_NO_COMMON_BLOCKS = YES;
				GCC_WARN_64_TO_32_BIT_CONVERSION = YES;
				GCC_WARN_ABOUT_RETURN_TYPE = YES_ERROR;
				GCC_WARN_UNDECLARED_SELECTOR = YES;
				GCC_WARN_UNINITIALIZED_AUTOS = YES_AGGRESSIVE;
				GCC_WARN_UNUSED_FUNCTION = YES;
				GCC_WARN_UNUSED_VARIABLE = YES;
				IPHONEOS_DEPLOYMENT_TARGET = 9.3;
				MTL_ENABLE_DEBUG_INFO = NO;
				SDKROOT = iphoneos;
				VALIDATE_PRODUCT = YES;
			};
			name = Release;
		};
		4B402C2E1CDC25960047DD6B /* Debug */ = {
			isa = XCBuildConfiguration;
			buildSettings = {
				ASSETCATALOG_COMPILER_APPICON_NAME = AppIcon;
				INFOPLIST_FILE = SwiftTDDTest/Info.plist;
				LD_RUNPATH_SEARCH_PATHS = "$(inherited) @executable_path/Frameworks";
				PRODUCT_BUNDLE_IDENTIFIER = com.sherry.SwiftTDDTest;
				PRODUCT_NAME = "$(TARGET_NAME)";
			};
			name = Debug;
		};
		4B402C2F1CDC25960047DD6B /* Release */ = {
			isa = XCBuildConfiguration;
			buildSettings = {
				ASSETCATALOG_COMPILER_APPICON_NAME = AppIcon;
				INFOPLIST_FILE = SwiftTDDTest/Info.plist;
				LD_RUNPATH_SEARCH_PATHS = "$(inherited) @executable_path/Frameworks";
				PRODUCT_BUNDLE_IDENTIFIER = com.sherry.SwiftTDDTest;
				PRODUCT_NAME = "$(TARGET_NAME)";
			};
			name = Release;
		};
		4B402C311CDC25960047DD6B /* Debug */ = {
			isa = XCBuildConfiguration;
			buildSettings = {
				BUNDLE_LOADER = "$(TEST_HOST)";
				INFOPLIST_FILE = SwiftTDDTestTests/Info.plist;
				LD_RUNPATH_SEARCH_PATHS = "$(inherited) @executable_path/Frameworks @loader_path/Frameworks";
				PRODUCT_BUNDLE_IDENTIFIER = com.sherry.SwiftTDDTestTests;
				PRODUCT_NAME = "$(TARGET_NAME)";
				TEST_HOST = "$(BUILT_PRODUCTS_DIR)/SwiftTDDTest.app/SwiftTDDTest";
			};
			name = Debug;
		};
		4B402C321CDC25960047DD6B /* Release */ = {
			isa = XCBuildConfiguration;
			buildSettings = {
				BUNDLE_LOADER = "$(TEST_HOST)";
				INFOPLIST_FILE = SwiftTDDTestTests/Info.plist;
				LD_RUNPATH_SEARCH_PATHS = "$(inherited) @executable_path/Frameworks @loader_path/Frameworks";
				PRODUCT_BUNDLE_IDENTIFIER = com.sherry.SwiftTDDTestTests;
				PRODUCT_NAME = "$(TARGET_NAME)";
				TEST_HOST = "$(BUILT_PRODUCTS_DIR)/SwiftTDDTest.app/SwiftTDDTest";
			};
			name = Release;
		};
		4B402C341CDC25960047DD6B /* Debug */ = {
			isa = XCBuildConfiguration;
			buildSettings = {
				INFOPLIST_FILE = SwiftTDDTestUITests/Info.plist;
				LD_RUNPATH_SEARCH_PATHS = "$(inherited) @executable_path/Frameworks @loader_path/Frameworks";
				PRODUCT_BUNDLE_IDENTIFIER = com.sherry.SwiftTDDTestUITests;
				PRODUCT_NAME = "$(TARGET_NAME)";
				TEST_TARGET_NAME = SwiftTDDTest;
			};
			name = Debug;
		};
		4B402C351CDC25960047DD6B /* Release */ = {
			isa = XCBuildConfiguration;
			buildSettings = {
				INFOPLIST_FILE = SwiftTDDTestUITests/Info.plist;
				LD_RUNPATH_SEARCH_PATHS = "$(inherited) @executable_path/Frameworks @loader_path/Frameworks";
				PRODUCT_BUNDLE_IDENTIFIER = com.sherry.SwiftTDDTestUITests;
				PRODUCT_NAME = "$(TARGET_NAME)";
				TEST_TARGET_NAME = SwiftTDDTest;
			};
			name = Release;
		};
/* End XCBuildConfiguration section */

/* Begin XCConfigurationList section */
		4B402C001CDC25960047DD6B /* Build configuration list for PBXProject "SwiftTDDTest" */ = {
			isa = XCConfigurationList;
			buildConfigurations = (
				4B402C2B1CDC25960047DD6B /* Debug */,
				4B402C2C1CDC25960047DD6B /* Release */,
			);
			defaultConfigurationIsVisible = 0;
			defaultConfigurationName = Release;
		};
		4B402C2D1CDC25960047DD6B /* Build configuration list for PBXNativeTarget "SwiftTDDTest" */ = {
			isa = XCConfigurationList;
			buildConfigurations = (
				4B402C2E1CDC25960047DD6B /* Debug */,
				4B402C2F1CDC25960047DD6B /* Release */,
			);
			defaultConfigurationIsVisible = 0;
			defaultConfigurationName = Release;
		};
		4B402C301CDC25960047DD6B /* Build configuration list for PBXNativeTarget "SwiftTDDTestTests" */ = {
			isa = XCConfigurationList;
			buildConfigurations = (
				4B402C311CDC25960047DD6B /* Debug */,
				4B402C321CDC25960047DD6B /* Release */,
			);
			defaultConfigurationIsVisible = 0;
			defaultConfigurationName = Release;
		};
		4B402C331CDC25960047DD6B /* Build configuration list for PBXNativeTarget "SwiftTDDTestUITests" */ = {
			isa = XCConfigurationList;
			buildConfigurations = (
				4B402C341CDC25960047DD6B /* Debug */,
				4B402C351CDC25960047DD6B /* Release */,
			);
			defaultConfigurationIsVisible = 0;
			defaultConfigurationName = Release;
		};
/* End XCConfigurationList section */
	};
	rootObject = 4B402BFD1CDC25960047DD6B /* Project object */;
}
